{
    "_readme": [
        "This file locks the dependencies of your project to a known state",
        "Read more about it at https://getcomposer.org/doc/01-basic-usage.md#composer-lock-the-lock-file",
        "This file is @generated automatically"
    ],
    "hash": "ece15df60a92b63ca18956f0a0cfc91a",
    "content-hash": "a8a220fdb8cbdb4505cabd01f0688e75",
    "packages": [
        {
            "name": "ruafozy/mersenne-twister",
            "version": "1.3.0",
            "source": {
                "type": "git",
                "url": "https://github.com/ruafozy/php-mersenne-twister.git",
                "reference": "9a2486ae7f62eac4068a18d2e93e79d522430c53"
            },
            "dist": {
                "type": "zip",
                "url": "https://api.github.com/repos/ruafozy/php-mersenne-twister/zipball/9a2486ae7f62eac4068a18d2e93e79d522430c53",
                "reference": "9a2486ae7f62eac4068a18d2e93e79d522430c53",
                "shasum": ""
            },
            "require": {
                "php": ">=5.3.0"
            },
            "require-dev": {
                "phpunit/phpunit": "~4.1.4"
            },
            "type": "library",
            "autoload": {
                "files": [
                    "src/mersenne_twister.php"
                ]
            },
            "notification-url": "https://packagist.org/downloads/",
            "license": [
                "MIT"
            ],
            "description": "Pure-PHP Mersenne Twister",
            "homepage": "https://github.com/ruafozy/php-mersenne-twister",
            "keywords": [
                "PRNG",
                "mersenne",
                "random"
            ],
            "time": "2015-02-21 10:26:45"
        }
    ],
    "packages-dev": [],
    "aliases": [],
    "minimum-stability": "stable",
    "stability-flags": [],
    "prefer-stable": false,
    "prefer-lowest": false,
    "platform": [],
    "platform-dev": []
}
